// !$*UTF8*$!
{
	archiveVersion = 1;
	classes = {
	};
	objectVersion = 50;
	objects = {

/* Begin PBXBuildFile section */
		2C216C7B2583D5F9003BC2BD /* Tests_iOS.swift in Sources */ = {isa = PBXBuildFile; fileRef = 2C216C7A2583D5F9003BC2BD /* Tests_iOS.swift */; };
		2C216C862583D5F9003BC2BD /* Tests_macOS.swift in Sources */ = {isa = PBXBuildFile; fileRef = 2C216C852583D5F9003BC2BD /* Tests_macOS.swift */; };
		2C216C882583D5F9003BC2BD /* ClimaApp.swift in Sources */ = {isa = PBXBuildFile; fileRef = 2C216C5F2583D5F6003BC2BD /* ClimaApp.swift */; };
		2C216C892583D5F9003BC2BD /* ClimaApp.swift in Sources */ = {isa = PBXBuildFile; fileRef = 2C216C5F2583D5F6003BC2BD /* ClimaApp.swift */; };
		2C216C8A2583D5F9003BC2BD /* ContentView.swift in Sources */ = {isa = PBXBuildFile; fileRef = 2C216C602583D5F6003BC2BD /* ContentView.swift */; };
		2C216C8B2583D5F9003BC2BD /* ContentView.swift in Sources */ = {isa = PBXBuildFile; fileRef = 2C216C602583D5F6003BC2BD /* ContentView.swift */; };
		2C216C8C2583D5F9003BC2BD /* Assets.xcassets in Resources */ = {isa = PBXBuildFile; fileRef = 2C216C612583D5F9003BC2BD /* Assets.xcassets */; };
		2C216C8D2583D5F9003BC2BD /* Assets.xcassets in Resources */ = {isa = PBXBuildFile; fileRef = 2C216C612583D5F9003BC2BD /* Assets.xcassets */; };
/* End PBXBuildFile section */

/* Begin PBXContainerItemProxy section */
		2C216C772583D5F9003BC2BD /* PBXContainerItemProxy */ = {
			isa = PBXContainerItemProxy;
			containerPortal = 2C216C5A2583D5F6003BC2BD /* Project object */;
			proxyType = 1;
			remoteGlobalIDString = 2C216C652583D5F9003BC2BD;
			remoteInfo = "Clima (iOS)";
		};
		2C216C822583D5F9003BC2BD /* PBXContainerItemProxy */ = {
			isa = PBXContainerItemProxy;
			containerPortal = 2C216C5A2583D5F6003BC2BD /* Project object */;
			proxyType = 1;
			remoteGlobalIDString = 2C216C6D2583D5F9003BC2BD;
			remoteInfo = "Clima (macOS)";
		};
/* End PBXContainerItemProxy section */

/* Begin PBXFileReference section */
		2C216C5F2583D5F6003BC2BD /* ClimaApp.swift */ = {isa = PBXFileReference; lastKnownFileType = sourcecode.swift; path = ClimaApp.swift; sourceTree = "<group>"; };
		2C216C602583D5F6003BC2BD /* ContentView.swift */ = {isa = PBXFileReference; lastKnownFileType = sourcecode.swift; path = ContentView.swift; sourceTree = "<group>"; };
		2C216C612583D5F9003BC2BD /* Assets.xcassets */ = {isa = PBXFileReference; lastKnownFileType = folder.assetcatalog; path = Assets.xcassets; sourceTree = "<group>"; };
		2C216C662583D5F9003BC2BD /* Clima.app */ = {isa = PBXFileReference; explicitFileType = wrapper.application; includeInIndex = 0; path = Clima.app; sourceTree = BUILT_PRODUCTS_DIR; };
		2C216C692583D5F9003BC2BD /* Info.plist */ = {isa = PBXFileReference; lastKnownFileType = text.plist.xml; path = Info.plist; sourceTree = "<group>"; };
		2C216C6E2583D5F9003BC2BD /* Clima.app */ = {isa = PBXFileReference; explicitFileType = wrapper.application; includeInIndex = 0; path = Clima.app; sourceTree = BUILT_PRODUCTS_DIR; };
		2C216C702583D5F9003BC2BD /* Info.plist */ = {isa = PBXFileReference; lastKnownFileType = text.plist.xml; path = Info.plist; sourceTree = "<group>"; };
		2C216C712583D5F9003BC2BD /* macOS.entitlements */ = {isa = PBXFileReference; lastKnownFileType = text.plist.entitlements; path = macOS.entitlements; sourceTree = "<group>"; };
		2C216C762583D5F9003BC2BD /* Tests iOS.xctest */ = {isa = PBXFileReference; explicitFileType = wrapper.cfbundle; includeInIndex = 0; path = "Tests iOS.xctest"; sourceTree = BUILT_PRODUCTS_DIR; };
		2C216C7A2583D5F9003BC2BD /* Tests_iOS.swift */ = {isa = PBXFileReference; lastKnownFileType = sourcecode.swift; path = Tests_iOS.swift; sourceTree = "<group>"; };
		2C216C7C2583D5F9003BC2BD /* Info.plist */ = {isa = PBXFileReference; lastKnownFileType = text.plist.xml; path = Info.plist; sourceTree = "<group>"; };
		2C216C812583D5F9003BC2BD /* Tests macOS.xctest */ = {isa = PBXFileReference; explicitFileType = wrapper.cfbundle; includeInIndex = 0; path = "Tests macOS.xctest"; sourceTree = BUILT_PRODUCTS_DIR; };
		2C216C852583D5F9003BC2BD /* Tests_macOS.swift */ = {isa = PBXFileReference; lastKnownFileType = sourcecode.swift; path = Tests_macOS.swift; sourceTree = "<group>"; };
		2C216C872583D5F9003BC2BD /* Info.plist */ = {isa = PBXFileReference; lastKnownFileType = text.plist.xml; path = Info.plist; sourceTree = "<group>"; };
/* End PBXFileReference section */

/* Begin PBXFrameworksBuildPhase section */
		2C216C632583D5F9003BC2BD /* Frameworks */ = {
			isa = PBXFrameworksBuildPhase;
			buildActionMask = 2147483647;
			files = (
			);
			runOnlyForDeploymentPostprocessing = 0;
		};
		2C216C6B2583D5F9003BC2BD /* Frameworks */ = {
			isa = PBXFrameworksBuildPhase;
			buildActionMask = 2147483647;
			files = (
			);
			runOnlyForDeploymentPostprocessing = 0;
		};
		2C216C732583D5F9003BC2BD /* Frameworks */ = {
			isa = PBXFrameworksBuildPhase;
			buildActionMask = 2147483647;
			files = (
			);
			runOnlyForDeploymentPostprocessing = 0;
		};
		2C216C7E2583D5F9003BC2BD /* Frameworks */ = {
			isa = PBXFrameworksBuildPhase;
			buildActionMask = 2147483647;
			files = (
			);
			runOnlyForDeploymentPostprocessing = 0;
		};
/* End PBXFrameworksBuildPhase section */

/* Begin PBXGroup section */
		2C216C592583D5F6003BC2BD = {
			isa = PBXGroup;
			children = (
				2C216C5E2583D5F6003BC2BD /* Shared */,
				2C216C682583D5F9003BC2BD /* iOS */,
				2C216C6F2583D5F9003BC2BD /* macOS */,
				2C216C792583D5F9003BC2BD /* Tests iOS */,
				2C216C842583D5F9003BC2BD /* Tests macOS */,
				2C216C672583D5F9003BC2BD /* Products */,
			);
			sourceTree = "<group>";
		};
		2C216C5E2583D5F6003BC2BD /* Shared */ = {
			isa = PBXGroup;
			children = (
				2C216C5F2583D5F6003BC2BD /* ClimaApp.swift */,
				2C216C602583D5F6003BC2BD /* ContentView.swift */,
				2C216C612583D5F9003BC2BD /* Assets.xcassets */,
			);
			path = Shared;
			sourceTree = "<group>";
		};
		2C216C672583D5F9003BC2BD /* Products */ = {
			isa = PBXGroup;
			children = (
				2C216C662583D5F9003BC2BD /* Clima.app */,
				2C216C6E2583D5F9003BC2BD /* Clima.app */,
				2C216C762583D5F9003BC2BD /* Tests iOS.xctest */,
				2C216C812583D5F9003BC2BD /* Tests macOS.xctest */,
			);
			name = Products;
			sourceTree = "<group>";
		};
		2C216C682583D5F9003BC2BD /* iOS */ = {
			isa = PBXGroup;
			children = (
				2C216C692583D5F9003BC2BD /* Info.plist */,
			);
			path = iOS;
			sourceTree = "<group>";
		};
		2C216C6F2583D5F9003BC2BD /* macOS */ = {
			isa = PBXGroup;
			children = (
				2C216C702583D5F9003BC2BD /* Info.plist */,
				2C216C712583D5F9003BC2BD /* macOS.entitlements */,
			);
			path = macOS;
			sourceTree = "<group>";
		};
		2C216C792583D5F9003BC2BD /* Tests iOS */ = {
			isa = PBXGroup;
			children = (
				2C216C7A2583D5F9003BC2BD /* Tests_iOS.swift */,
				2C216C7C2583D5F9003BC2BD /* Info.plist */,
			);
			path = "Tests iOS";
			sourceTree = "<group>";
		};
		2C216C842583D5F9003BC2BD /* Tests macOS */ = {
			isa = PBXGroup;
			children = (
				2C216C852583D5F9003BC2BD /* Tests_macOS.swift */,
				2C216C872583D5F9003BC2BD /* Info.plist */,
			);
			path = "Tests macOS";
			sourceTree = "<group>";
		};
/* End PBXGroup section */

/* Begin PBXNativeTarget section */
		2C216C652583D5F9003BC2BD /* Clima (iOS) */ = {
			isa = PBXNativeTarget;
			buildConfigurationList = 2C216C902583D5F9003BC2BD /* Build configuration list for PBXNativeTarget "Clima (iOS)" */;
			buildPhases = (
				2C216C622583D5F9003BC2BD /* Sources */,
				2C216C632583D5F9003BC2BD /* Frameworks */,
				2C216C642583D5F9003BC2BD /* Resources */,
			);
			buildRules = (
			);
			dependencies = (
			);
			name = "Clima (iOS)";
			productName = "Clima (iOS)";
			productReference = 2C216C662583D5F9003BC2BD /* Clima.app */;
			productType = "com.apple.product-type.application";
		};
		2C216C6D2583D5F9003BC2BD /* Clima (macOS) */ = {
			isa = PBXNativeTarget;
			buildConfigurationList = 2C216C932583D5F9003BC2BD /* Build configuration list for PBXNativeTarget "Clima (macOS)" */;
			buildPhases = (
				2C216C6A2583D5F9003BC2BD /* Sources */,
				2C216C6B2583D5F9003BC2BD /* Frameworks */,
				2C216C6C2583D5F9003BC2BD /* Resources */,
			);
			buildRules = (
			);
			dependencies = (
			);
			name = "Clima (macOS)";
			productName = "Clima (macOS)";
			productReference = 2C216C6E2583D5F9003BC2BD /* Clima.app */;
			productType = "com.apple.product-type.application";
		};
		2C216C752583D5F9003BC2BD /* Tests iOS */ = {
			isa = PBXNativeTarget;
			buildConfigurationList = 2C216C962583D5F9003BC2BD /* Build configuration list for PBXNativeTarget "Tests iOS" */;
			buildPhases = (
				2C216C722583D5F9003BC2BD /* Sources */,
				2C216C732583D5F9003BC2BD /* Frameworks */,
				2C216C742583D5F9003BC2BD /* Resources */,
			);
			buildRules = (
			);
			dependencies = (
				2C216C782583D5F9003BC2BD /* PBXTargetDependency */,
			);
			name = "Tests iOS";
			productName = "Tests iOS";
			productReference = 2C216C762583D5F9003BC2BD /* Tests iOS.xctest */;
			productType = "com.apple.product-type.bundle.ui-testing";
		};
		2C216C802583D5F9003BC2BD /* Tests macOS */ = {
			isa = PBXNativeTarget;
			buildConfigurationList = 2C216C992583D5F9003BC2BD /* Build configuration list for PBXNativeTarget "Tests macOS" */;
			buildPhases = (
				2C216C7D2583D5F9003BC2BD /* Sources */,
				2C216C7E2583D5F9003BC2BD /* Frameworks */,
				2C216C7F2583D5F9003BC2BD /* Resources */,
			);
			buildRules = (
			);
			dependencies = (
				2C216C832583D5F9003BC2BD /* PBXTargetDependency */,
			);
			name = "Tests macOS";
			productName = "Tests macOS";
			productReference = 2C216C812583D5F9003BC2BD /* Tests macOS.xctest */;
			productType = "com.apple.product-type.bundle.ui-testing";
		};
/* End PBXNativeTarget section */

/* Begin PBXProject section */
		2C216C5A2583D5F6003BC2BD /* Project object */ = {
			isa = PBXProject;
			attributes = {
				LastSwiftUpdateCheck = 1220;
				LastUpgradeCheck = 1220;
				TargetAttributes = {
					2C216C652583D5F9003BC2BD = {
						CreatedOnToolsVersion = 12.2;
					};
					2C216C6D2583D5F9003BC2BD = {
						CreatedOnToolsVersion = 12.2;
					};
					2C216C752583D5F9003BC2BD = {
						CreatedOnToolsVersion = 12.2;
						TestTargetID = 2C216C652583D5F9003BC2BD;
					};
					2C216C802583D5F9003BC2BD = {
						CreatedOnToolsVersion = 12.2;
						TestTargetID = 2C216C6D2583D5F9003BC2BD;
					};
				};
			};
			buildConfigurationList = 2C216C5D2583D5F6003BC2BD /* Build configuration list for PBXProject "Clima" */;
			compatibilityVersion = "Xcode 9.3";
			developmentRegion = en;
			hasScannedForEncodings = 0;
			knownRegions = (
				en,
				Base,
			);
			mainGroup = 2C216C592583D5F6003BC2BD;
			productRefGroup = 2C216C672583D5F9003BC2BD /* Products */;
			projectDirPath = "";
			projectRoot = "";
			targets = (
				2C216C652583D5F9003BC2BD /* Clima (iOS) */,
				2C216C6D2583D5F9003BC2BD /* Clima (macOS) */,
				2C216C752583D5F9003BC2BD /* Tests iOS */,
				2C216C802583D5F9003BC2BD /* Tests macOS */,
			);
		};
/* End PBXProject section */

/* Begin PBXResourcesBuildPhase section */
		2C216C642583D5F9003BC2BD /* Resources */ = {
			isa = PBXResourcesBuildPhase;
			buildActionMask = 2147483647;
			files = (
				2C216C8C2583D5F9003BC2BD /* Assets.xcassets in Resources */,
			);
			runOnlyForDeploymentPostprocessing = 0;
		};
		2C216C6C2583D5F9003BC2BD /* Resources */ = {
			isa = PBXResourcesBuildPhase;
			buildActionMask = 2147483647;
			files = (
				2C216C8D2583D5F9003BC2BD /* Assets.xcassets in Resources */,
			);
			runOnlyForDeploymentPostprocessing = 0;
		};
		2C216C742583D5F9003BC2BD /* Resources */ = {
			isa = PBXResourcesBuildPhase;
			buildActionMask = 2147483647;
			files = (
			);
			runOnlyForDeploymentPostprocessing = 0;
		};
		2C216C7F2583D5F9003BC2BD /* Resources */ = {
			isa = PBXResourcesBuildPhase;
			buildActionMask = 2147483647;
			files = (
			);
			runOnlyForDeploymentPostprocessing = 0;
		};
/* End PBXResourcesBuildPhase section */

/* Begin PBXSourcesBuildPhase section */
		2C216C622583D5F9003BC2BD /* Sources */ = {
			isa = PBXSourcesBuildPhase;
			buildActionMask = 2147483647;
			files = (
				2C216C8A2583D5F9003BC2BD /* ContentView.swift in Sources */,
				2C216C882583D5F9003BC2BD /* ClimaApp.swift in Sources */,
			);
			runOnlyForDeploymentPostprocessing = 0;
		};
		2C216C6A2583D5F9003BC2BD /* Sources */ = {
			isa = PBXSourcesBuildPhase;
			buildActionMask = 2147483647;
			files = (
				2C216C8B2583D5F9003BC2BD /* ContentView.swift in Sources */,
				2C216C892583D5F9003BC2BD /* ClimaApp.swift in Sources */,
			);
			runOnlyForDeploymentPostprocessing = 0;
		};
		2C216C722583D5F9003BC2BD /* Sources */ = {
			isa = PBXSourcesBuildPhase;
			buildActionMask = 2147483647;
			files = (
				2C216C7B2583D5F9003BC2BD /* Tests_iOS.swift in Sources */,
			);
			runOnlyForDeploymentPostprocessing = 0;
		};
		2C216C7D2583D5F9003BC2BD /* Sources */ = {
			isa = PBXSourcesBuildPhase;
			buildActionMask = 2147483647;
			files = (
				2C216C862583D5F9003BC2BD /* Tests_macOS.swift in Sources */,
			);
			runOnlyForDeploymentPostprocessing = 0;
		};
/* End PBXSourcesBuildPhase section */

/* Begin PBXTargetDependency section */
		2C216C782583D5F9003BC2BD /* PBXTargetDependency */ = {
			isa = PBXTargetDependency;
			target = 2C216C652583D5F9003BC2BD /* Clima (iOS) */;
			targetProxy = 2C216C772583D5F9003BC2BD /* PBXContainerItemProxy */;
		};
		2C216C832583D5F9003BC2BD /* PBXTargetDependency */ = {
			isa = PBXTargetDependency;
			target = 2C216C6D2583D5F9003BC2BD /* Clima (macOS) */;
			targetProxy = 2C216C822583D5F9003BC2BD /* PBXContainerItemProxy */;
		};
/* End PBXTargetDependency section */

/* Begin XCBuildConfiguration section */
		2C216C8E2583D5F9003BC2BD /* Debug */ = {
			isa = XCBuildConfiguration;
			buildSettings = {
				ALWAYS_SEARCH_USER_PATHS = NO;
				CLANG_ANALYZER_NONNULL = YES;
				CLANG_ANALYZER_NUMBER_OBJECT_CONVERSION = YES_AGGRESSIVE;
				CLANG_CXX_LANGUAGE_STANDARD = "gnu++14";
				CLANG_CXX_LIBRARY = "libc++";
				CLANG_ENABLE_MODULES = YES;
				CLANG_ENABLE_OBJC_ARC = YES;
				CLANG_ENABLE_OBJC_WEAK = YES;
				CLANG_WARN_BLOCK_CAPTURE_AUTORELEASING = YES;
				CLANG_WARN_BOOL_CONVERSION = YES;
				CLANG_WARN_COMMA = YES;
				CLANG_WARN_CONSTANT_CONVERSION = YES;
				CLANG_WARN_DEPRECATED_OBJC_IMPLEMENTATIONS = YES;
				CLANG_WARN_DIRECT_OBJC_ISA_USAGE = YES_ERROR;
				CLANG_WARN_DOCUMENTATION_COMMENTS = YES;
				CLANG_WARN_EMPTY_BODY = YES;
				CLANG_WARN_ENUM_CONVERSION = YES;
				CLANG_WARN_INFINITE_RECURSION = YES;
				CLANG_WARN_INT_CONVERSION = YES;
				CLANG_WARN_NON_LITERAL_NULL_CONVERSION = YES;
				CLANG_WARN_OBJC_IMPLICIT_RETAIN_SELF = YES;
				CLANG_WARN_OBJC_LITERAL_CONVERSION = YES;
				CLANG_WARN_OBJC_ROOT_CLASS = YES_ERROR;
				CLANG_WARN_QUOTED_INCLUDE_IN_FRAMEWORK_HEADER = YES;
				CLANG_WARN_RANGE_LOOP_ANALYSIS = YES;
				CLANG_WARN_STRICT_PROTOTYPES = YES;
				CLANG_WARN_SUSPICIOUS_MOVE = YES;
				CLANG_WARN_UNGUARDED_AVAILABILITY = YES_AGGRESSIVE;
				CLANG_WARN_UNREACHABLE_CODE = YES;
				CLANG_WARN__DUPLICATE_METHOD_MATCH = YES;
				COPY_PHASE_STRIP = NO;
				DEBUG_INFORMATION_FORMAT = dwarf;
				ENABLE_STRICT_OBJC_MSGSEND = YES;
				ENABLE_TESTABILITY = YES;
				GCC_C_LANGUAGE_STANDARD = gnu11;
				GCC_DYNAMIC_NO_PIC = NO;
				GCC_NO_COMMON_BLOCKS = YES;
				GCC_OPTIMIZATION_LEVEL = 0;
				GCC_PREPROCESSOR_DEFINITIONS = (
					"DEBUG=1",
					"$(inherited)",
				);
				GCC_WARN_64_TO_32_BIT_CONVERSION = YES;
				GCC_WARN_ABOUT_RETURN_TYPE = YES_ERROR;
				GCC_WARN_UNDECLARED_SELECTOR = YES;
				GCC_WARN_UNINITIALIZED_AUTOS = YES_AGGRESSIVE;
				GCC_WARN_UNUSED_FUNCTION = YES;
				GCC_WARN_UNUSED_VARIABLE = YES;
				MTL_ENABLE_DEBUG_INFO = INCLUDE_SOURCE;
				MTL_FAST_MATH = YES;
				ONLY_ACTIVE_ARCH = YES;
				SWIFT_ACTIVE_COMPILATION_CONDITIONS = DEBUG;
				SWIFT_OPTIMIZATION_LEVEL = "-Onone";
			};
			name = Debug;
		};
		2C216C8F2583D5F9003BC2BD /* Release */ = {
			isa = XCBuildConfiguration;
			buildSettings = {
				ALWAYS_SEARCH_USER_PATHS = NO;
				CLANG_ANALYZER_NONNULL = YES;
				CLANG_ANALYZER_NUMBER_OBJECT_CONVERSION = YES_AGGRESSIVE;
				CLANG_CXX_LANGUAGE_STANDARD = "gnu++14";
				CLANG_CXX_LIBRARY = "libc++";
				CLANG_ENABLE_MODULES = YES;
				CLANG_ENABLE_OBJC_ARC = YES;
				CLANG_ENABLE_OBJC_WEAK = YES;
				CLANG_WARN_BLOCK_CAPTURE_AUTORELEASING = YES;
				CLANG_WARN_BOOL_CONVERSION = YES;
				CLANG_WARN_COMMA = YES;
				CLANG_WARN_CONSTANT_CONVERSION = YES;
				CLANG_WARN_DEPRECATED_OBJC_IMPLEMENTATIONS = YES;
				CLANG_WARN_DIRECT_OBJC_ISA_USAGE = YES_ERROR;
				CLANG_WARN_DOCUMENTATION_COMMENTS = YES;
				CLANG_WARN_EMPTY_BODY = YES;
				CLANG_WARN_ENUM_CONVERSION = YES;
				CLANG_WARN_INFINITE_RECURSION = YES;
				CLANG_WARN_INT_CONVERSION = YES;
				CLANG_WARN_NON_LITERAL_NULL_CONVERSION = YES;
				CLANG_WARN_OBJC_IMPLICIT_RETAIN_SELF = YES;
				CLANG_WARN_OBJC_LITERAL_CONVERSION = YES;
				CLANG_WARN_OBJC_ROOT_CLASS = YES_ERROR;
				CLANG_WARN_QUOTED_INCLUDE_IN_FRAMEWORK_HEADER = YES;
				CLANG_WARN_RANGE_LOOP_ANALYSIS = YES;
				CLANG_WARN_STRICT_PROTOTYPES = YES;
				CLANG_WARN_SUSPICIOUS_MOVE = YES;
				CLANG_WARN_UNGUARDED_AVAILABILITY = YES_AGGRESSIVE;
				CLANG_WARN_UNREACHABLE_CODE = YES;
				CLANG_WARN__DUPLICATE_METHOD_MATCH = YES;
				COPY_PHASE_STRIP = NO;
				DEBUG_INFORMATION_FORMAT = "dwarf-with-dsym";
				ENABLE_NS_ASSERTIONS = NO;
				ENABLE_STRICT_OBJC_MSGSEND = YES;
				GCC_C_LANGUAGE_STANDARD = gnu11;
				GCC_NO_COMMON_BLOCKS = YES;
				GCC_WARN_64_TO_32_BIT_CONVERSION = YES;
				GCC_WARN_ABOUT_RETURN_TYPE = YES_ERROR;
				GCC_WARN_UNDECLARED_SELECTOR = YES;
				GCC_WARN_UNINITIALIZED_AUTOS = YES_AGGRESSIVE;
				GCC_WARN_UNUSED_FUNCTION = YES;
				GCC_WARN_UNUSED_VARIABLE = YES;
				MTL_ENABLE_DEBUG_INFO = NO;
				MTL_FAST_MATH = YES;
				SWIFT_COMPILATION_MODE = wholemodule;
				SWIFT_OPTIMIZATION_LEVEL = "-O";
			};
			name = Release;
		};
		2C216C912583D5F9003BC2BD /* Debug */ = {
			isa = XCBuildConfiguration;
			buildSettings = {
				ASSETCATALOG_COMPILER_APPICON_NAME = AppIcon;
				ASSETCATALOG_COMPILER_GLOBAL_ACCENT_COLOR_NAME = AccentColor;
				CODE_SIGN_STYLE = Automatic;
				DEVELOPMENT_TEAM = VA8GM4F7TR;
				ENABLE_PREVIEWS = YES;
				INFOPLIST_FILE = iOS/Info.plist;
				IPHONEOS_DEPLOYMENT_TARGET = 14.0;
				LD_RUNPATH_SEARCH_PATHS = (
					"$(inherited)",
					"@executable_path/Frameworks",
				);
				PRODUCT_BUNDLE_IDENTIFIER = ZestyBean.Clima;
				PRODUCT_NAME = Clima;
				SDKROOT = iphoneos;
				SWIFT_VERSION = 5.0;
				TARGETED_DEVICE_FAMILY = "1,2";
			};
			name = Debug;
		};
		2C216C922583D5F9003BC2BD /* Release */ = {
			isa = XCBuildConfiguration;
			buildSettings = {
				ASSETCATALOG_COMPILER_APPICON_NAME = AppIcon;
				ASSETCATALOG_COMPILER_GLOBAL_ACCENT_COLOR_NAME = AccentColor;
				CODE_SIGN_STYLE = Automatic;
				DEVELOPMENT_TEAM = VA8GM4F7TR;
				ENABLE_PREVIEWS = YES;
				INFOPLIST_FILE = iOS/Info.plist;
				IPHONEOS_DEPLOYMENT_TARGET = 14.0;
				LD_RUNPATH_SEARCH_PATHS = (
					"$(inherited)",
					"@executable_path/Frameworks",
				);
				PRODUCT_BUNDLE_IDENTIFIER = ZestyBean.Clima;
				PRODUCT_NAME = Clima;
				SDKROOT = iphoneos;
				SWIFT_VERSION = 5.0;
				TARGETED_DEVICE_FAMILY = "1,2";
				VALIDATE_PRODUCT = YES;
			};
			name = Release;
		};
		2C216C942583D5F9003BC2BD /* Debug */ = {
			isa = XCBuildConfiguration;
			buildSettings = {
				ASSETCATALOG_COMPILER_APPICON_NAME = AppIcon;
				ASSETCATALOG_COMPILER_GLOBAL_ACCENT_COLOR_NAME = AccentColor;
				CODE_SIGN_ENTITLEMENTS = macOS/macOS.entitlements;
				CODE_SIGN_STYLE = Automatic;
				COMBINE_HIDPI_IMAGES = YES;
				DEVELOPMENT_TEAM = VA8GM4F7TR;
				ENABLE_HARDENED_RUNTIME = YES;
				ENABLE_PREVIEWS = YES;
				INFOPLIST_FILE = macOS/Info.plist;
				LD_RUNPATH_SEARCH_PATHS = (
					"$(inherited)",
					"@executable_path/../Frameworks",
				);
				MACOSX_DEPLOYMENT_TARGET = 11.0;
				PRODUCT_BUNDLE_IDENTIFIER = ZestyBean.Clima;
				PRODUCT_NAME = Clima;
				SDKROOT = macosx;
				SWIFT_VERSION = 5.0;
			};
			name = Debug;
		};
		2C216C952583D5F9003BC2BD /* Release */ = {
			isa = XCBuildConfiguration;
			buildSettings = {
				ASSETCATALOG_COMPILER_APPICON_NAME = AppIcon;
				ASSETCATALOG_COMPILER_GLOBAL_ACCENT_COLOR_NAME = AccentColor;
				CODE_SIGN_ENTITLEMENTS = macOS/macOS.entitlements;
				CODE_SIGN_STYLE = Automatic;
				COMBINE_HIDPI_IMAGES = YES;
				DEVELOPMENT_TEAM = VA8GM4F7TR;
				ENABLE_HARDENED_RUNTIME = YES;
				ENABLE_PREVIEWS = YES;
				INFOPLIST_FILE = macOS/Info.plist;
				LD_RUNPATH_SEARCH_PATHS = (
					"$(inherited)",
					"@executable_path/../Frameworks",
				);
				MACOSX_DEPLOYMENT_TARGET = 11.0;
				PRODUCT_BUNDLE_IDENTIFIER = ZestyBean.Clima;
				PRODUCT_NAME = Clima;
				SDKROOT = macosx;
				SWIFT_VERSION = 5.0;
			};
			name = Release;
		};
		2C216C972583D5F9003BC2BD /* Debug */ = {
			isa = XCBuildConfiguration;
			buildSettings = {
				ALWAYS_EMBED_SWIFT_STANDARD_LIBRARIES = YES;
				CODE_SIGN_STYLE = Automatic;
				DEVELOPMENT_TEAM = VA8GM4F7TR;
				INFOPLIST_FILE = "Tests iOS/Info.plist";
				IPHONEOS_DEPLOYMENT_TARGET = 14.2;
				LD_RUNPATH_SEARCH_PATHS = (
					"$(inherited)",
					"@executable_path/Frameworks",
					"@loader_path/Frameworks",
				);
				PRODUCT_BUNDLE_IDENTIFIER = "ZestyBean.Tests-iOS";
				PRODUCT_NAME = "$(TARGET_NAME)";
				SDKROOT = iphoneos;
				SWIFT_VERSION = 5.0;
				TARGETED_DEVICE_FAMILY = "1,2";
				TEST_TARGET_NAME = "Clima (iOS)";
			};
			name = Debug;
		};
		2C216C982583D5F9003BC2BD /* Release */ = {
			isa = XCBuildConfiguration;
			buildSettings = {
				ALWAYS_EMBED_SWIFT_STANDARD_LIBRARIES = YES;
				CODE_SIGN_STYLE = Automatic;
				DEVELOPMENT_TEAM = VA8GM4F7TR;
				INFOPLIST_FILE = "Tests iOS/Info.plist";
				IPHONEOS_DEPLOYMENT_TARGET = 14.2;
				LD_RUNPATH_SEARCH_PATHS = (
					"$(inherited)",
					"@executable_path/Frameworks",
					"@loader_path/Frameworks",
				);
				PRODUCT_BUNDLE_IDENTIFIER = "ZestyBean.Tests-iOS";
				PRODUCT_NAME = "$(TARGET_NAME)";
				SDKROOT = iphoneos;
				SWIFT_VERSION = 5.0;
				TARGETED_DEVICE_FAMILY = "1,2";
				TEST_TARGET_NAME = "Clima (iOS)";
				VALIDATE_PRODUCT = YES;
			};
			name = Release;
		};
		2C216C9A2583D5F9003BC2BD /* Debug */ = {
			isa = XCBuildConfiguration;
			buildSettings = {
				ALWAYS_EMBED_SWIFT_STANDARD_LIBRARIES = YES;
				CODE_SIGN_STYLE = Automatic;
				COMBINE_HIDPI_IMAGES = YES;
				DEVELOPMENT_TEAM = VA8GM4F7TR;
				INFOPLIST_FILE = "Tests macOS/Info.plist";
				LD_RUNPATH_SEARCH_PATHS = (
					"$(inherited)",
					"@executable_path/../Frameworks",
					"@loader_path/../Frameworks",
				);
				MACOSX_DEPLOYMENT_TARGET = 11.0;
				PRODUCT_BUNDLE_IDENTIFIER = "ZestyBean.Tests-macOS";
				PRODUCT_NAME = "$(TARGET_NAME)";
				SDKROOT = macosx;
				SWIFT_VERSION = 5.0;
				TEST_TARGET_NAME = "Clima (macOS)";
			};
			name = Debug;
		};
		2C216C9B2583D5F9003BC2BD /* Release */ = {
			isa = XCBuildConfiguration;
			buildSettings = {
				ALWAYS_EMBED_SWIFT_STANDARD_LIBRARIES = YES;
				CODE_SIGN_STYLE = Automatic;
				COMBINE_HIDPI_IMAGES = YES;
				DEVELOPMENT_TEAM = VA8GM4F7TR;
				INFOPLIST_FILE = "Tests macOS/Info.plist";
				LD_RUNPATH_SEARCH_PATHS = (
					"$(inherited)",
					"@executable_path/../Frameworks",
					"@loader_path/../Frameworks",
				);
				MACOSX_DEPLOYMENT_TARGET = 11.0;
				PRODUCT_BUNDLE_IDENTIFIER = "ZestyBean.Tests-macOS";
				PRODUCT_NAME = "$(TARGET_NAME)";
				SDKROOT = macosx;
				SWIFT_VERSION = 5.0;
				TEST_TARGET_NAME = "Clima (macOS)";
			};
			name = Release;
		};
/* End XCBuildConfiguration section */

/* Begin XCConfigurationList section */
		2C216C5D2583D5F6003BC2BD /* Build configuration list for PBXProject "Clima" */ = {
			isa = XCConfigurationList;
			buildConfigurations = (
				2C216C8E2583D5F9003BC2BD /* Debug */,
				2C216C8F2583D5F9003BC2BD /* Release */,
			);
			defaultConfigurationIsVisible = 0;
			defaultConfigurationName = Release;
		};
		2C216C902583D5F9003BC2BD /* Build configuration list for PBXNativeTarget "Clima (iOS)" */ = {
			isa = XCConfigurationList;
			buildConfigurations = (
				2C216C912583D5F9003BC2BD /* Debug */,
				2C216C922583D5F9003BC2BD /* Release */,
			);
			defaultConfigurationIsVisible = 0;
			defaultConfigurationName = Release;
		};
		2C216C932583D5F9003BC2BD /* Build configuration list for PBXNativeTarget "Clima (macOS)" */ = {
			isa = XCConfigurationList;
			buildConfigurations = (
				2C216C942583D5F9003BC2BD /* Debug */,
				2C216C952583D5F9003BC2BD /* Release */,
			);
			defaultConfigurationIsVisible = 0;
			defaultConfigurationName = Release;
		};
		2C216C962583D5F9003BC2BD /* Build configuration list for PBXNativeTarget "Tests iOS" */ = {
			isa = XCConfigurationList;
			buildConfigurations = (
				2C216C972583D5F9003BC2BD /* Debug */,
				2C216C982583D5F9003BC2BD /* Release */,
			);
			defaultConfigurationIsVisible = 0;
			defaultConfigurationName = Release;
		};
		2C216C992583D5F9003BC2BD /* Build configuration list for PBXNativeTarget "Tests macOS" */ = {
			isa = XCConfigurationList;
			buildConfigurations = (
				2C216C9A2583D5F9003BC2BD /* Debug */,
				2C216C9B2583D5F9003BC2BD /* Release */,
			);
			defaultConfigurationIsVisible = 0;
			defaultConfigurationName = Release;
		};
/* End XCConfigurationList section */
	};
	rootObject = 2C216C5A2583D5F6003BC2BD /* Project object */;
}
